{
  "name": "source",
  "lockfileVersion": 3,
  "requires": true,
  "packages": {
    "": {
      "dependencies": {
        "gitbook-plugin-scripts-styles": "^0.0.2"
      }
    },
    "node_modules/gitbook-plugin-scripts-styles": {
      "version": "0.0.2",
      "resolved": "https://registry.npmjs.org/gitbook-plugin-scripts-styles/-/gitbook-plugin-scripts-styles-0.0.2.tgz",
      "integrity": "sha512-sx1s7cHN5PCP+AcOPMHtcMhU8ay2k+eThymrkbc0rbi8TIYF3N1L45+m8C5zEkmd4Uo8cutdCtAdktV+Mm/BRQ==",
      "dependencies": {
        "lodash": "*",
        "tmp": "0.0.28"
      },
      "engines": {
        "gitbook": ">1.x.x"
      }
    },
    "node_modules/lodash": {
      "version": "4.17.21",
      "resolved": "https://registry.npmjs.org/lodash/-/lodash-4.17.21.tgz",
      "integrity": "sha512-v2kDEe57lecTulaDIuNTPy3Ry4gLGJ6Z1O3vE1krgXZNrsQ+LFTGHVxVjcXPs17LhbZVGedAJv8XZ1tvj5FvSg=="
    },
    "node_modules/os-tmpdir": {
      "version": "1.0.2",
      "resolved": "https://registry.npmjs.org/os-tmpdir/-/os-tmpdir-1.0.2.tgz",
      "integrity": "sha512-D2FR03Vir7FIu45XBY20mTb+/ZSWB00sjU9jdQXt83gDrI4Ztz5Fs7/yy74g2N5SVQY4xY1qDr4rNddwYRVX0g==",
      "engines": {
        "node": ">=0.10.0"
      }
    },
    "node_modules/tmp": {
      "version": "0.0.28",
      "resolved": "https://registry.npmjs.org/tmp/-/tmp-0.0.28.tgz",
      "integrity": "sha512-c2mmfiBmND6SOVxzogm1oda0OJ1HZVIk/5n26N59dDTh80MUeavpiCls4PGAdkX1PFkKokLpcf7prSjCeXLsJg==",
      "dependencies": {
        "os-tmpdir": "~1.0.1"
      },
      "engines": {
        "node": ">=0.4.0"
      }
    }
  }
}
